
Microsoft Visual Studio Solution File, Format Version 12.00
# Visual Studio 2012
Project("{FAE04EC0-301F-11D3-BF4B-00C04F79EFBC}") = "20171012Win_MetnAxtarOrginal", "20171012Win_MetnAxtarOrginal\20171012Win_MetnAxtarOrginal.csproj", "{1C5AFBC1-B58D-4D16-8251-807E1CF9CDDA}"
EndProject
Global
	GlobalSection(SolutionConfigurationPlatforms) = preSolution
		Debug|Any CPU = Debug|Any CPU
		Release|Any CPU = Release|Any CPU
	EndGlobalSection
	GlobalSection(ProjectConfigurationPlatforms) = postSolution
		{1C5AFBC1-B58D-4D16-8251-807E1CF9CDDA}.Debug|Any CPU.ActiveCfg = Debug|Any CPU
		{1C5AFBC1-B58D-4D16-8251-807E1CF9CDDA}.Debug|Any CPU.Build.0 = Debug|Any CPU
		{1C5AFBC1-B58D-4D16-8251-807E1CF9CDDA}.Release|Any CPU.ActiveCfg = Release|Any CPU
		{1C5AFBC1-B58D-4D16-8251-807E1CF9CDDA}.Release|Any CPU.Build.0 = Release|Any CPU
	EndGlobalSection
	GlobalSection(SolutionProperties) = preSolution
		HideSolutionNode = FALSE
	EndGlobalSection
EndGlobal
